// !$*UTF8*$!
{
	archiveVersion = 1;
	classes = {
	};
	objectVersion = 56;
	objects = {

/* Begin PBXBuildFile section */
		6A236DBCDEA6E6B262085384 /* Pods_UIKitVK.framework in Frameworks */ = {isa = PBXBuildFile; fileRef = FCC8FE048C430982395D2F81 /* Pods_UIKitVK.framework */; };
		9433AC29292BC42E00E03BA8 /* Session.swift in Sources */ = {isa = PBXBuildFile; fileRef = 9433AC28292BC42E00E03BA8 /* Session.swift */; };
		9433AC2D292C0FAA00E03BA8 /* LoginWebViewController.swift in Sources */ = {isa = PBXBuildFile; fileRef = 9433AC2C292C0FAA00E03BA8 /* LoginWebViewController.swift */; };
		9433AC2F292D42F700E03BA8 /* NetworkService.swift in Sources */ = {isa = PBXBuildFile; fileRef = 9433AC2E292D42F700E03BA8 /* NetworkService.swift */; };
		944CC89D291069C600A5B7F1 /* AppDelegate.swift in Sources */ = {isa = PBXBuildFile; fileRef = 944CC89C291069C600A5B7F1 /* AppDelegate.swift */; };
		944CC89F291069C600A5B7F1 /* SceneDelegate.swift in Sources */ = {isa = PBXBuildFile; fileRef = 944CC89E291069C600A5B7F1 /* SceneDelegate.swift */; };
		944CC8A1291069C600A5B7F1 /* LoginViewController.swift in Sources */ = {isa = PBXBuildFile; fileRef = 944CC8A0291069C600A5B7F1 /* LoginViewController.swift */; };
		944CC8A4291069C600A5B7F1 /* Main.storyboard in Resources */ = {isa = PBXBuildFile; fileRef = 944CC8A2291069C600A5B7F1 /* Main.storyboard */; };
		944CC8A6291069C800A5B7F1 /* Assets.xcassets in Resources */ = {isa = PBXBuildFile; fileRef = 944CC8A5291069C800A5B7F1 /* Assets.xcassets */; };
		944CC8A9291069C800A5B7F1 /* LaunchScreen.storyboard in Resources */ = {isa = PBXBuildFile; fileRef = 944CC8A7291069C800A5B7F1 /* LaunchScreen.storyboard */; };
		944CC8B3291114AE00A5B7F1 /* FriendTableViewController.swift in Sources */ = {isa = PBXBuildFile; fileRef = 944CC8B2291114AE00A5B7F1 /* FriendTableViewController.swift */; };
		944CC8B8291139CC00A5B7F1 /* FriendTableViewCell.swift in Sources */ = {isa = PBXBuildFile; fileRef = 944CC8B7291139CC00A5B7F1 /* FriendTableViewCell.swift */; };
		94CE5A1B2912B10600A4D148 /* UIViewController+Extension.swift in Sources */ = {isa = PBXBuildFile; fileRef = 94CE5A1A2912B10600A4D148 /* UIViewController+Extension.swift */; };
		94CE5A1E2912EB9D00A4D148 /* FriendCollectionViewCell.swift in Sources */ = {isa = PBXBuildFile; fileRef = 94CE5A1D2912EB9D00A4D148 /* FriendCollectionViewCell.swift */; };
		94CE5A202912EBDB00A4D148 /* FriendCollectionViewController.swift in Sources */ = {isa = PBXBuildFile; fileRef = 94CE5A1F2912EBDB00A4D148 /* FriendCollectionViewController.swift */; };
		94CE5A222913070E00A4D148 /* GroupTableViewController.swift in Sources */ = {isa = PBXBuildFile; fileRef = 94CE5A212913070E00A4D148 /* GroupTableViewController.swift */; };
		94CE5A242913078B00A4D148 /* GroupTableViewCell.swift in Sources */ = {isa = PBXBuildFile; fileRef = 94CE5A232913078B00A4D148 /* GroupTableViewCell.swift */; };
		94CE5A2629130C2500A4D148 /* OtherGroupTableViewController.swift in Sources */ = {isa = PBXBuildFile; fileRef = 94CE5A2529130C2500A4D148 /* OtherGroupTableViewController.swift */; };
		94CE5A2829130D1000A4D148 /* OtherGroupTableViewCell.swift in Sources */ = {isa = PBXBuildFile; fileRef = 94CE5A2729130D1000A4D148 /* OtherGroupTableViewCell.swift */; };
		94CE5A2A2913367B00A4D148 /* User.swift in Sources */ = {isa = PBXBuildFile; fileRef = 94CE5A292913367B00A4D148 /* User.swift */; };
		94CE5A2D2913376000A4D148 /* Group.swift in Sources */ = {isa = PBXBuildFile; fileRef = 94CE5A2C2913376000A4D148 /* Group.swift */; };
		94CE5A3529140B9500A4D148 /* CustomView.swift in Sources */ = {isa = PBXBuildFile; fileRef = 94CE5A3429140B9500A4D148 /* CustomView.swift */; };
		94CE5A39291449F900A4D148 /* vkGroups.swift in Sources */ = {isa = PBXBuildFile; fileRef = 94CE5A38291449F900A4D148 /* vkGroups.swift */; };
		94CE5A3C291456A900A4D148 /* vkFriends.swift in Sources */ = {isa = PBXBuildFile; fileRef = 94CE5A3B291456A900A4D148 /* vkFriends.swift */; };
		94CE5A4129145E3000A4D148 /* LikeButton.swift in Sources */ = {isa = PBXBuildFile; fileRef = 94CE5A4029145E3000A4D148 /* LikeButton.swift */; };
		94CE5A432916750300A4D148 /* Constants.swift in Sources */ = {isa = PBXBuildFile; fileRef = 94CE5A422916750300A4D148 /* Constants.swift */; };
		94CE5A4F2919CB5400A4D148 /* NewsViewController.swift in Sources */ = {isa = PBXBuildFile; fileRef = 94CE5A4E2919CB5400A4D148 /* NewsViewController.swift */; };
		94CE5A512919CD1500A4D148 /* NewsTableViewCell.swift in Sources */ = {isa = PBXBuildFile; fileRef = 94CE5A502919CD1500A4D148 /* NewsTableViewCell.swift */; };
		94CE5A53291A5A8D00A4D148 /* News.swift in Sources */ = {isa = PBXBuildFile; fileRef = 94CE5A52291A5A8D00A4D148 /* News.swift */; };
		94CE5A55291A5D8100A4D148 /* NSMutableAttributedString+Extension.swift in Sources */ = {isa = PBXBuildFile; fileRef = 94CE5A54291A5D8100A4D148 /* NSMutableAttributedString+Extension.swift */; };
		94CE5A5E291C28BE00A4D148 /* FriendPhotoViewController.swift in Sources */ = {isa = PBXBuildFile; fileRef = 94CE5A5D291C28BE00A4D148 /* FriendPhotoViewController.swift */; };
		94CE5A62291D1FC900A4D148 /* CustomPushAnimation.swift in Sources */ = {isa = PBXBuildFile; fileRef = 94CE5A61291D1FC900A4D148 /* CustomPushAnimation.swift */; };
		94CE5A64291D263D00A4D148 /* CustomNavigationController.swift in Sources */ = {isa = PBXBuildFile; fileRef = 94CE5A63291D263D00A4D148 /* CustomNavigationController.swift */; };
		94CE5A66291D3A0900A4D148 /* CustomPopAnimation.swift in Sources */ = {isa = PBXBuildFile; fileRef = 94CE5A65291D3A0900A4D148 /* CustomPopAnimation.swift */; };
		94CE5A68291D3AB900A4D148 /* CustomInteractiveTransition.swift in Sources */ = {isa = PBXBuildFile; fileRef = 94CE5A67291D3AB900A4D148 /* CustomInteractiveTransition.swift */; };
/* End PBXBuildFile section */

/* Begin PBXFileReference section */
		31CC7744822FB647CF7F5636 /* Pods-UIKitVK.release.xcconfig */ = {isa = PBXFileReference; includeInIndex = 1; lastKnownFileType = text.xcconfig; name = "Pods-UIKitVK.release.xcconfig"; path = "Target Support Files/Pods-UIKitVK/Pods-UIKitVK.release.xcconfig"; sourceTree = "<group>"; };
		9433AC28292BC42E00E03BA8 /* Session.swift */ = {isa = PBXFileReference; lastKnownFileType = sourcecode.swift; path = Session.swift; sourceTree = "<group>"; };
		9433AC2C292C0FAA00E03BA8 /* LoginWebViewController.swift */ = {isa = PBXFileReference; lastKnownFileType = sourcecode.swift; path = LoginWebViewController.swift; sourceTree = "<group>"; };
		9433AC2E292D42F700E03BA8 /* NetworkService.swift */ = {isa = PBXFileReference; lastKnownFileType = sourcecode.swift; path = NetworkService.swift; sourceTree = "<group>"; };
		944CC899291069C600A5B7F1 /* UIKitVK.app */ = {isa = PBXFileReference; explicitFileType = wrapper.application; includeInIndex = 0; path = UIKitVK.app; sourceTree = BUILT_PRODUCTS_DIR; };
		944CC89C291069C600A5B7F1 /* AppDelegate.swift */ = {isa = PBXFileReference; lastKnownFileType = sourcecode.swift; path = AppDelegate.swift; sourceTree = "<group>"; };
		944CC89E291069C600A5B7F1 /* SceneDelegate.swift */ = {isa = PBXFileReference; lastKnownFileType = sourcecode.swift; path = SceneDelegate.swift; sourceTree = "<group>"; };
		944CC8A0291069C600A5B7F1 /* LoginViewController.swift */ = {isa = PBXFileReference; lastKnownFileType = sourcecode.swift; path = LoginViewController.swift; sourceTree = "<group>"; };
		944CC8A3291069C600A5B7F1 /* Base */ = {isa = PBXFileReference; lastKnownFileType = file.storyboard; name = Base; path = Base.lproj/Main.storyboard; sourceTree = "<group>"; };
		944CC8A5291069C800A5B7F1 /* Assets.xcassets */ = {isa = PBXFileReference; lastKnownFileType = folder.assetcatalog; path = Assets.xcassets; sourceTree = "<group>"; };
		944CC8A8291069C800A5B7F1 /* Base */ = {isa = PBXFileReference; lastKnownFileType = file.storyboard; name = Base; path = Base.lproj/LaunchScreen.storyboard; sourceTree = "<group>"; };
		944CC8AA291069C800A5B7F1 /* Info.plist */ = {isa = PBXFileReference; lastKnownFileType = text.plist.xml; path = Info.plist; sourceTree = "<group>"; };
		944CC8B2291114AE00A5B7F1 /* FriendTableViewController.swift */ = {isa = PBXFileReference; lastKnownFileType = sourcecode.swift; path = FriendTableViewController.swift; sourceTree = "<group>"; };
		944CC8B7291139CC00A5B7F1 /* FriendTableViewCell.swift */ = {isa = PBXFileReference; lastKnownFileType = sourcecode.swift; path = FriendTableViewCell.swift; sourceTree = "<group>"; };
		94CE5A1A2912B10600A4D148 /* UIViewController+Extension.swift */ = {isa = PBXFileReference; lastKnownFileType = sourcecode.swift; path = "UIViewController+Extension.swift"; sourceTree = "<group>"; };
		94CE5A1D2912EB9D00A4D148 /* FriendCollectionViewCell.swift */ = {isa = PBXFileReference; lastKnownFileType = sourcecode.swift; path = FriendCollectionViewCell.swift; sourceTree = "<group>"; };
		94CE5A1F2912EBDB00A4D148 /* FriendCollectionViewController.swift */ = {isa = PBXFileReference; lastKnownFileType = sourcecode.swift; path = FriendCollectionViewController.swift; sourceTree = "<group>"; };
		94CE5A212913070E00A4D148 /* GroupTableViewController.swift */ = {isa = PBXFileReference; lastKnownFileType = sourcecode.swift; path = GroupTableViewController.swift; sourceTree = "<group>"; };
		94CE5A232913078B00A4D148 /* GroupTableViewCell.swift */ = {isa = PBXFileReference; lastKnownFileType = sourcecode.swift; path = GroupTableViewCell.swift; sourceTree = "<group>"; };
		94CE5A2529130C2500A4D148 /* OtherGroupTableViewController.swift */ = {isa = PBXFileReference; lastKnownFileType = sourcecode.swift; path = OtherGroupTableViewController.swift; sourceTree = "<group>"; };
		94CE5A2729130D1000A4D148 /* OtherGroupTableViewCell.swift */ = {isa = PBXFileReference; lastKnownFileType = sourcecode.swift; path = OtherGroupTableViewCell.swift; sourceTree = "<group>"; };
		94CE5A292913367B00A4D148 /* User.swift */ = {isa = PBXFileReference; lastKnownFileType = sourcecode.swift; path = User.swift; sourceTree = "<group>"; };
		94CE5A2C2913376000A4D148 /* Group.swift */ = {isa = PBXFileReference; lastKnownFileType = sourcecode.swift; path = Group.swift; sourceTree = "<group>"; };
		94CE5A3429140B9500A4D148 /* CustomView.swift */ = {isa = PBXFileReference; lastKnownFileType = sourcecode.swift; path = CustomView.swift; sourceTree = "<group>"; };
		94CE5A38291449F900A4D148 /* vkGroups.swift */ = {isa = PBXFileReference; lastKnownFileType = sourcecode.swift; path = vkGroups.swift; sourceTree = "<group>"; };
		94CE5A3B291456A900A4D148 /* vkFriends.swift */ = {isa = PBXFileReference; lastKnownFileType = sourcecode.swift; path = vkFriends.swift; sourceTree = "<group>"; };
		94CE5A4029145E3000A4D148 /* LikeButton.swift */ = {isa = PBXFileReference; lastKnownFileType = sourcecode.swift; path = LikeButton.swift; sourceTree = "<group>"; };
		94CE5A422916750300A4D148 /* Constants.swift */ = {isa = PBXFileReference; lastKnownFileType = sourcecode.swift; path = Constants.swift; sourceTree = "<group>"; };
		94CE5A4E2919CB5400A4D148 /* NewsViewController.swift */ = {isa = PBXFileReference; lastKnownFileType = sourcecode.swift; path = NewsViewController.swift; sourceTree = "<group>"; };
		94CE5A502919CD1500A4D148 /* NewsTableViewCell.swift */ = {isa = PBXFileReference; lastKnownFileType = sourcecode.swift; path = NewsTableViewCell.swift; sourceTree = "<group>"; };
		94CE5A52291A5A8D00A4D148 /* News.swift */ = {isa = PBXFileReference; lastKnownFileType = sourcecode.swift; path = News.swift; sourceTree = "<group>"; };
		94CE5A54291A5D8100A4D148 /* NSMutableAttributedString+Extension.swift */ = {isa = PBXFileReference; lastKnownFileType = sourcecode.swift; path = "NSMutableAttributedString+Extension.swift"; sourceTree = "<group>"; };
		94CE5A5D291C28BE00A4D148 /* FriendPhotoViewController.swift */ = {isa = PBXFileReference; lastKnownFileType = sourcecode.swift; path = FriendPhotoViewController.swift; sourceTree = "<group>"; };
		94CE5A61291D1FC900A4D148 /* CustomPushAnimation.swift */ = {isa = PBXFileReference; lastKnownFileType = sourcecode.swift; path = CustomPushAnimation.swift; sourceTree = "<group>"; };
		94CE5A63291D263D00A4D148 /* CustomNavigationController.swift */ = {isa = PBXFileReference; lastKnownFileType = sourcecode.swift; path = CustomNavigationController.swift; sourceTree = "<group>"; };
		94CE5A65291D3A0900A4D148 /* CustomPopAnimation.swift */ = {isa = PBXFileReference; lastKnownFileType = sourcecode.swift; path = CustomPopAnimation.swift; sourceTree = "<group>"; };
		94CE5A67291D3AB900A4D148 /* CustomInteractiveTransition.swift */ = {isa = PBXFileReference; lastKnownFileType = sourcecode.swift; path = CustomInteractiveTransition.swift; sourceTree = "<group>"; };
		DA10F8F167F9AFF842452E5A /* Pods-UIKitVK.debug.xcconfig */ = {isa = PBXFileReference; includeInIndex = 1; lastKnownFileType = text.xcconfig; name = "Pods-UIKitVK.debug.xcconfig"; path = "Target Support Files/Pods-UIKitVK/Pods-UIKitVK.debug.xcconfig"; sourceTree = "<group>"; };
		FCC8FE048C430982395D2F81 /* Pods_UIKitVK.framework */ = {isa = PBXFileReference; explicitFileType = wrapper.framework; includeInIndex = 0; path = Pods_UIKitVK.framework; sourceTree = BUILT_PRODUCTS_DIR; };
/* End PBXFileReference section */

/* Begin PBXFrameworksBuildPhase section */
		944CC896291069C600A5B7F1 /* Frameworks */ = {
			isa = PBXFrameworksBuildPhase;
			buildActionMask = 2147483647;
			files = (
				6A236DBCDEA6E6B262085384 /* Pods_UIKitVK.framework in Frameworks */,
			);
			runOnlyForDeploymentPostprocessing = 0;
		};
/* End PBXFrameworksBuildPhase section */

/* Begin PBXGroup section */
		42C21E0F15E431592E39AEC2 /* Pods */ = {
			isa = PBXGroup;
			children = (
				DA10F8F167F9AFF842452E5A /* Pods-UIKitVK.debug.xcconfig */,
				31CC7744822FB647CF7F5636 /* Pods-UIKitVK.release.xcconfig */,
			);
			path = Pods;
			sourceTree = "<group>";
		};
		944CC890291069C600A5B7F1 = {
			isa = PBXGroup;
			children = (
				944CC89B291069C600A5B7F1 /* UIKitVK */,
				944CC89A291069C600A5B7F1 /* Products */,
				42C21E0F15E431592E39AEC2 /* Pods */,
				D0BBD3EEC8E8B00E992E9C3D /* Frameworks */,
			);
			sourceTree = "<group>";
		};
		944CC89A291069C600A5B7F1 /* Products */ = {
			isa = PBXGroup;
			children = (
				944CC899291069C600A5B7F1 /* UIKitVK.app */,
			);
			name = Products;
			sourceTree = "<group>";
		};
		944CC89B291069C600A5B7F1 /* UIKitVK */ = {
			isa = PBXGroup;
			children = (
				944CC89C291069C600A5B7F1 /* AppDelegate.swift */,
				944CC89E291069C600A5B7F1 /* SceneDelegate.swift */,
				94CE5A6A291DA08200A4D148 /* Constants */,
				944CC8B92911439A00A5B7F1 /* View */,
				944CC8B42911153700A5B7F1 /* Controller */,
				94CE5A1C2912B1C600A4D148 /* Extension */,
				94CE5A2B2913368200A4D148 /* Model */,
				94CE5A3F29145B5200A4D148 /* VKGroups */,
				94CE5A3A2914556900A4D148 /* CustomUI */,
				94CE5A69291DA05200A4D148 /* Animation */,
				9433AC28292BC42E00E03BA8 /* Session.swift */,
				9433AC2E292D42F700E03BA8 /* NetworkService.swift */,
				944CC8A2291069C600A5B7F1 /* Main.storyboard */,
				944CC8A5291069C800A5B7F1 /* Assets.xcassets */,
				944CC8A7291069C800A5B7F1 /* LaunchScreen.storyboard */,
				944CC8AA291069C800A5B7F1 /* Info.plist */,
			);
			path = UIKitVK;
			sourceTree = "<group>";
		};
		944CC8B42911153700A5B7F1 /* Controller */ = {
			isa = PBXGroup;
			children = (
				9433AC2C292C0FAA00E03BA8 /* LoginWebViewController.swift */,
				944CC8A0291069C600A5B7F1 /* LoginViewController.swift */,
				944CC8B2291114AE00A5B7F1 /* FriendTableViewController.swift */,
				94CE5A1F2912EBDB00A4D148 /* FriendCollectionViewController.swift */,
				94CE5A5D291C28BE00A4D148 /* FriendPhotoViewController.swift */,
				94CE5A212913070E00A4D148 /* GroupTableViewController.swift */,
				94CE5A2529130C2500A4D148 /* OtherGroupTableViewController.swift */,
				94CE5A4E2919CB5400A4D148 /* NewsViewController.swift */,
				94CE5A63291D263D00A4D148 /* CustomNavigationController.swift */,
			);
			path = Controller;
			sourceTree = "<group>";
		};
		944CC8B92911439A00A5B7F1 /* View */ = {
			isa = PBXGroup;
			children = (
				944CC8B7291139CC00A5B7F1 /* FriendTableViewCell.swift */,
				94CE5A1D2912EB9D00A4D148 /* FriendCollectionViewCell.swift */,
				94CE5A232913078B00A4D148 /* GroupTableViewCell.swift */,
				94CE5A2729130D1000A4D148 /* OtherGroupTableViewCell.swift */,
				94CE5A502919CD1500A4D148 /* NewsTableViewCell.swift */,
			);
			path = View;
			sourceTree = "<group>";
		};
		94CE5A1C2912B1C600A4D148 /* Extension */ = {
			isa = PBXGroup;
			children = (
				94CE5A54291A5D8100A4D148 /* NSMutableAttributedString+Extension.swift */,
				94CE5A1A2912B10600A4D148 /* UIViewController+Extension.swift */,
			);
			path = Extension;
			sourceTree = "<group>";
		};
		94CE5A2B2913368200A4D148 /* Model */ = {
			isa = PBXGroup;
			children = (
				94CE5A292913367B00A4D148 /* User.swift */,
				94CE5A52291A5A8D00A4D148 /* News.swift */,
				94CE5A2C2913376000A4D148 /* Group.swift */,
			);
			path = Model;
			sourceTree = "<group>";
		};
		94CE5A3A2914556900A4D148 /* CustomUI */ = {
			isa = PBXGroup;
			children = (
				94CE5A4029145E3000A4D148 /* LikeButton.swift */,
				94CE5A3429140B9500A4D148 /* CustomView.swift */,
			);
			name = CustomUI;
			sourceTree = "<group>";
		};
		94CE5A3F29145B5200A4D148 /* VKGroups */ = {
			isa = PBXGroup;
			children = (
				94CE5A3B291456A900A4D148 /* vkFriends.swift */,
				94CE5A38291449F900A4D148 /* vkGroups.swift */,
			);
			path = VKGroups;
			sourceTree = "<group>";
		};
		94CE5A69291DA05200A4D148 /* Animation */ = {
			isa = PBXGroup;
			children = (
				94CE5A67291D3AB900A4D148 /* CustomInteractiveTransition.swift */,
				94CE5A65291D3A0900A4D148 /* CustomPopAnimation.swift */,
				94CE5A61291D1FC900A4D148 /* CustomPushAnimation.swift */,
			);
			path = Animation;
			sourceTree = "<group>";
		};
		94CE5A6A291DA08200A4D148 /* Constants */ = {
			isa = PBXGroup;
			children = (
				94CE5A422916750300A4D148 /* Constants.swift */,
			);
			path = Constants;
			sourceTree = "<group>";
		};
		D0BBD3EEC8E8B00E992E9C3D /* Frameworks */ = {
			isa = PBXGroup;
			children = (
				FCC8FE048C430982395D2F81 /* Pods_UIKitVK.framework */,
			);
			name = Frameworks;
			sourceTree = "<group>";
		};
/* End PBXGroup section */

/* Begin PBXNativeTarget section */
		944CC898291069C600A5B7F1 /* UIKitVK */ = {
			isa = PBXNativeTarget;
			buildConfigurationList = 944CC8AD291069C800A5B7F1 /* Build configuration list for PBXNativeTarget "UIKitVK" */;
			buildPhases = (
				9DEE342547BCB8206C79EBD4 /* [CP] Check Pods Manifest.lock */,
				944CC8B029106A3D00A5B7F1 /* Swift Format */,
				944CC8B129106A5400A5B7F1 /* Swift Lint */,
				944CC895291069C600A5B7F1 /* Sources */,
				944CC896291069C600A5B7F1 /* Frameworks */,
				944CC897291069C600A5B7F1 /* Resources */,
				960811D16BB11127678DA698 /* [CP] Embed Pods Frameworks */,
			);
			buildRules = (
			);
			dependencies = (
			);
			name = UIKitVK;
			productName = UIKitVK;
			productReference = 944CC899291069C600A5B7F1 /* UIKitVK.app */;
			productType = "com.apple.product-type.application";
		};
/* End PBXNativeTarget section */

/* Begin PBXProject section */
		944CC891291069C600A5B7F1 /* Project object */ = {
			isa = PBXProject;
			attributes = {
				BuildIndependentTargetsInParallel = 1;
				LastSwiftUpdateCheck = 1400;
				LastUpgradeCheck = 1400;
				TargetAttributes = {
					944CC898291069C600A5B7F1 = {
						CreatedOnToolsVersion = 14.0.1;
					};
				};
			};
			buildConfigurationList = 944CC894291069C600A5B7F1 /* Build configuration list for PBXProject "UIKitVK" */;
			compatibilityVersion = "Xcode 14.0";
			developmentRegion = en;
			hasScannedForEncodings = 0;
			knownRegions = (
				en,
				Base,
			);
			mainGroup = 944CC890291069C600A5B7F1;
			productRefGroup = 944CC89A291069C600A5B7F1 /* Products */;
			projectDirPath = "";
			projectRoot = "";
			targets = (
				944CC898291069C600A5B7F1 /* UIKitVK */,
			);
		};
/* End PBXProject section */

/* Begin PBXResourcesBuildPhase section */
		944CC897291069C600A5B7F1 /* Resources */ = {
			isa = PBXResourcesBuildPhase;
			buildActionMask = 2147483647;
			files = (
				944CC8A9291069C800A5B7F1 /* LaunchScreen.storyboard in Resources */,
				944CC8A6291069C800A5B7F1 /* Assets.xcassets in Resources */,
				944CC8A4291069C600A5B7F1 /* Main.storyboard in Resources */,
			);
			runOnlyForDeploymentPostprocessing = 0;
		};
/* End PBXResourcesBuildPhase section */

/* Begin PBXShellScriptBuildPhase section */
		944CC8B029106A3D00A5B7F1 /* Swift Format */ = {
			isa = PBXShellScriptBuildPhase;
			alwaysOutOfDate = 1;
			buildActionMask = 2147483647;
			files = (
			);
			inputFileListPaths = (
			);
			inputPaths = (
			);
			name = "Swift Format";
			outputFileListPaths = (
			);
			outputPaths = (
			);
			runOnlyForDeploymentPostprocessing = 0;
			shellPath = /bin/sh;
			shellScript = "export PATH=\"$PATH:/opt/homebrew/bin\"\nif which swiftformat >/dev/null; then\n  swiftformat .\nelse\n  echo \"warning: SwiftFormat not installed, download from https://github.com/nicklockwood/SwiftFormat\"\nfi\n";
		};
		944CC8B129106A5400A5B7F1 /* Swift Lint */ = {
			isa = PBXShellScriptBuildPhase;
			alwaysOutOfDate = 1;
			buildActionMask = 2147483647;
			files = (
			);
			inputFileListPaths = (
			);
			inputPaths = (
			);
			name = "Swift Lint";
			outputFileListPaths = (
			);
			outputPaths = (
			);
			runOnlyForDeploymentPostprocessing = 0;
			shellPath = /bin/sh;
			shellScript = "export PATH=\"$PATH:/opt/homebrew/bin\"\nif which swiftlint > /dev/null; then\n  swiftlint\nelse\n  echo \"warning: SwiftLint not installed, download from https://github.com/realm/SwiftLint\"\nfi\n";
		};
		960811D16BB11127678DA698 /* [CP] Embed Pods Frameworks */ = {
			isa = PBXShellScriptBuildPhase;
			buildActionMask = 2147483647;
			files = (
			);
			inputFileListPaths = (
				"${PODS_ROOT}/Target Support Files/Pods-UIKitVK/Pods-UIKitVK-frameworks-${CONFIGURATION}-input-files.xcfilelist",
			);
			name = "[CP] Embed Pods Frameworks";
			outputFileListPaths = (
				"${PODS_ROOT}/Target Support Files/Pods-UIKitVK/Pods-UIKitVK-frameworks-${CONFIGURATION}-output-files.xcfilelist",
			);
			runOnlyForDeploymentPostprocessing = 0;
			shellPath = /bin/sh;
			shellScript = "\"${PODS_ROOT}/Target Support Files/Pods-UIKitVK/Pods-UIKitVK-frameworks.sh\"\n";
			showEnvVarsInLog = 0;
		};
		9DEE342547BCB8206C79EBD4 /* [CP] Check Pods Manifest.lock */ = {
			isa = PBXShellScriptBuildPhase;
			buildActionMask = 2147483647;
			files = (
			);
			inputFileListPaths = (
			);
			inputPaths = (
				"${PODS_PODFILE_DIR_PATH}/Podfile.lock",
				"${PODS_ROOT}/Manifest.lock",
			);
			name = "[CP] Check Pods Manifest.lock";
			outputFileListPaths = (
			);
			outputPaths = (
				"$(DERIVED_FILE_DIR)/Pods-UIKitVK-checkManifestLockResult.txt",
			);
			runOnlyForDeploymentPostprocessing = 0;
			shellPath = /bin/sh;
			shellScript = "diff \"${PODS_PODFILE_DIR_PATH}/Podfile.lock\" \"${PODS_ROOT}/Manifest.lock\" > /dev/null\nif [ $? != 0 ] ; then\n    # print error to STDERR\n    echo \"error: The sandbox is not in sync with the Podfile.lock. Run 'pod install' or update your CocoaPods installation.\" >&2\n    exit 1\nfi\n# This output is used by Xcode 'outputs' to avoid re-running this script phase.\necho \"SUCCESS\" > \"${SCRIPT_OUTPUT_FILE_0}\"\n";
			showEnvVarsInLog = 0;
		};
/* End PBXShellScriptBuildPhase section */

/* Begin PBXSourcesBuildPhase section */
		944CC895291069C600A5B7F1 /* Sources */ = {
			isa = PBXSourcesBuildPhase;
			buildActionMask = 2147483647;
			files = (
				94CE5A3529140B9500A4D148 /* CustomView.swift in Sources */,
				9433AC2D292C0FAA00E03BA8 /* LoginWebViewController.swift in Sources */,
				9433AC29292BC42E00E03BA8 /* Session.swift in Sources */,
				94CE5A2A2913367B00A4D148 /* User.swift in Sources */,
				94CE5A1B2912B10600A4D148 /* UIViewController+Extension.swift in Sources */,
				94CE5A4F2919CB5400A4D148 /* NewsViewController.swift in Sources */,
				94CE5A4129145E3000A4D148 /* LikeButton.swift in Sources */,
				944CC8A1291069C600A5B7F1 /* LoginViewController.swift in Sources */,
				94CE5A55291A5D8100A4D148 /* NSMutableAttributedString+Extension.swift in Sources */,
				94CE5A53291A5A8D00A4D148 /* News.swift in Sources */,
				94CE5A222913070E00A4D148 /* GroupTableViewController.swift in Sources */,
				94CE5A202912EBDB00A4D148 /* FriendCollectionViewController.swift in Sources */,
				94CE5A512919CD1500A4D148 /* NewsTableViewCell.swift in Sources */,
				94CE5A5E291C28BE00A4D148 /* FriendPhotoViewController.swift in Sources */,
				94CE5A64291D263D00A4D148 /* CustomNavigationController.swift in Sources */,
				944CC8B3291114AE00A5B7F1 /* FriendTableViewController.swift in Sources */,
				94CE5A1E2912EB9D00A4D148 /* FriendCollectionViewCell.swift in Sources */,
				94CE5A2D2913376000A4D148 /* Group.swift in Sources */,
				94CE5A68291D3AB900A4D148 /* CustomInteractiveTransition.swift in Sources */,
				94CE5A2829130D1000A4D148 /* OtherGroupTableViewCell.swift in Sources */,
				94CE5A39291449F900A4D148 /* vkGroups.swift in Sources */,
				944CC8B8291139CC00A5B7F1 /* FriendTableViewCell.swift in Sources */,
				944CC89D291069C600A5B7F1 /* AppDelegate.swift in Sources */,
				94CE5A432916750300A4D148 /* Constants.swift in Sources */,
				94CE5A2629130C2500A4D148 /* OtherGroupTableViewController.swift in Sources */,
				94CE5A3C291456A900A4D148 /* vkFriends.swift in Sources */,
				944CC89F291069C600A5B7F1 /* SceneDelegate.swift in Sources */,
				94CE5A62291D1FC900A4D148 /* CustomPushAnimation.swift in Sources */,
				9433AC2F292D42F700E03BA8 /* NetworkService.swift in Sources */,
				94CE5A242913078B00A4D148 /* GroupTableViewCell.swift in Sources */,
				94CE5A66291D3A0900A4D148 /* CustomPopAnimation.swift in Sources */,
			);
			runOnlyForDeploymentPostprocessing = 0;
		};
/* End PBXSourcesBuildPhase section */

/* Begin PBXVariantGroup section */
		944CC8A2291069C600A5B7F1 /* Main.storyboard */ = {
			isa = PBXVariantGroup;
			children = (
				944CC8A3291069C600A5B7F1 /* Base */,
			);
			name = Main.storyboard;
			sourceTree = "<group>";
		};
		944CC8A7291069C800A5B7F1 /* LaunchScreen.storyboard */ = {
			isa = PBXVariantGroup;
			children = (
				944CC8A8291069C800A5B7F1 /* Base */,
			);
			name = LaunchScreen.storyboard;
			sourceTree = "<group>";
		};
/* End PBXVariantGroup section */

/* Begin XCBuildConfiguration section */
		944CC8AB291069C800A5B7F1 /* Debug */ = {
			isa = XCBuildConfiguration;
			buildSettings = {
				ALWAYS_SEARCH_USER_PATHS = NO;
				CLANG_ANALYZER_NONNULL = YES;
				CLANG_ANALYZER_NUMBER_OBJECT_CONVERSION = YES_AGGRESSIVE;
				CLANG_CXX_LANGUAGE_STANDARD = "gnu++20";
				CLANG_ENABLE_MODULES = YES;
				CLANG_ENABLE_OBJC_ARC = YES;
				CLANG_ENABLE_OBJC_WEAK = YES;
				CLANG_WARN_BLOCK_CAPTURE_AUTORELEASING = YES;
				CLANG_WARN_BOOL_CONVERSION = YES;
				CLANG_WARN_COMMA = YES;
				CLANG_WARN_CONSTANT_CONVERSION = YES;
				CLANG_WARN_DEPRECATED_OBJC_IMPLEMENTATIONS = YES;
				CLANG_WARN_DIRECT_OBJC_ISA_USAGE = YES_ERROR;
				CLANG_WARN_DOCUMENTATION_COMMENTS = YES;
				CLANG_WARN_EMPTY_BODY = YES;
				CLANG_WARN_ENUM_CONVERSION = YES;
				CLANG_WARN_INFINITE_RECURSION = YES;
				CLANG_WARN_INT_CONVERSION = YES;
				CLANG_WARN_NON_LITERAL_NULL_CONVERSION = YES;
				CLANG_WARN_OBJC_IMPLICIT_RETAIN_SELF = YES;
				CLANG_WARN_OBJC_LITERAL_CONVERSION = YES;
				CLANG_WARN_OBJC_ROOT_CLASS = YES_ERROR;
				CLANG_WARN_QUOTED_INCLUDE_IN_FRAMEWORK_HEADER = YES;
				CLANG_WARN_RANGE_LOOP_ANALYSIS = YES;
				CLANG_WARN_STRICT_PROTOTYPES = YES;
				CLANG_WARN_SUSPICIOUS_MOVE = YES;
				CLANG_WARN_UNGUARDED_AVAILABILITY = YES_AGGRESSIVE;
				CLANG_WARN_UNREACHABLE_CODE = YES;
				CLANG_WARN__DUPLICATE_METHOD_MATCH = YES;
				COPY_PHASE_STRIP = NO;
				DEBUG_INFORMATION_FORMAT = dwarf;
				ENABLE_STRICT_OBJC_MSGSEND = YES;
				ENABLE_TESTABILITY = YES;
				GCC_C_LANGUAGE_STANDARD = gnu11;
				GCC_DYNAMIC_NO_PIC = NO;
				GCC_NO_COMMON_BLOCKS = YES;
				GCC_OPTIMIZATION_LEVEL = 0;
				GCC_PREPROCESSOR_DEFINITIONS = (
					"DEBUG=1",
					"$(inherited)",
				);
				GCC_WARN_64_TO_32_BIT_CONVERSION = YES;
				GCC_WARN_ABOUT_RETURN_TYPE = YES_ERROR;
				GCC_WARN_UNDECLARED_SELECTOR = YES;
				GCC_WARN_UNINITIALIZED_AUTOS = YES_AGGRESSIVE;
				GCC_WARN_UNUSED_FUNCTION = YES;
				GCC_WARN_UNUSED_VARIABLE = YES;
				IPHONEOS_DEPLOYMENT_TARGET = 16.0;
				MTL_ENABLE_DEBUG_INFO = INCLUDE_SOURCE;
				MTL_FAST_MATH = YES;
				ONLY_ACTIVE_ARCH = YES;
				SDKROOT = iphoneos;
				SWIFT_ACTIVE_COMPILATION_CONDITIONS = DEBUG;
				SWIFT_OPTIMIZATION_LEVEL = "-Onone";
			};
			name = Debug;
		};
		944CC8AC291069C800A5B7F1 /* Release */ = {
			isa = XCBuildConfiguration;
			buildSettings = {
				ALWAYS_SEARCH_USER_PATHS = NO;
				CLANG_ANALYZER_NONNULL = YES;
				CLANG_ANALYZER_NUMBER_OBJECT_CONVERSION = YES_AGGRESSIVE;
				CLANG_CXX_LANGUAGE_STANDARD = "gnu++20";
				CLANG_ENABLE_MODULES = YES;
				CLANG_ENABLE_OBJC_ARC = YES;
				CLANG_ENABLE_OBJC_WEAK = YES;
				CLANG_WARN_BLOCK_CAPTURE_AUTORELEASING = YES;
				CLANG_WARN_BOOL_CONVERSION = YES;
				CLANG_WARN_COMMA = YES;
				CLANG_WARN_CONSTANT_CONVERSION = YES;
				CLANG_WARN_DEPRECATED_OBJC_IMPLEMENTATIONS = YES;
				CLANG_WARN_DIRECT_OBJC_ISA_USAGE = YES_ERROR;
				CLANG_WARN_DOCUMENTATION_COMMENTS = YES;
				CLANG_WARN_EMPTY_BODY = YES;
				CLANG_WARN_ENUM_CONVERSION = YES;
				CLANG_WARN_INFINITE_RECURSION = YES;
				CLANG_WARN_INT_CONVERSION = YES;
				CLANG_WARN_NON_LITERAL_NULL_CONVERSION = YES;
				CLANG_WARN_OBJC_IMPLICIT_RETAIN_SELF = YES;
				CLANG_WARN_OBJC_LITERAL_CONVERSION = YES;
				CLANG_WARN_OBJC_ROOT_CLASS = YES_ERROR;
				CLANG_WARN_QUOTED_INCLUDE_IN_FRAMEWORK_HEADER = YES;
				CLANG_WARN_RANGE_LOOP_ANALYSIS = YES;
				CLANG_WARN_STRICT_PROTOTYPES = YES;
				CLANG_WARN_SUSPICIOUS_MOVE = YES;
				CLANG_WARN_UNGUARDED_AVAILABILITY = YES_AGGRESSIVE;
				CLANG_WARN_UNREACHABLE_CODE = YES;
				CLANG_WARN__DUPLICATE_METHOD_MATCH = YES;
				COPY_PHASE_STRIP = NO;
				DEBUG_INFORMATION_FORMAT = "dwarf-with-dsym";
				ENABLE_NS_ASSERTIONS = NO;
				ENABLE_STRICT_OBJC_MSGSEND = YES;
				GCC_C_LANGUAGE_STANDARD = gnu11;
				GCC_NO_COMMON_BLOCKS = YES;
				GCC_WARN_64_TO_32_BIT_CONVERSION = YES;
				GCC_WARN_ABOUT_RETURN_TYPE = YES_ERROR;
				GCC_WARN_UNDECLARED_SELECTOR = YES;
				GCC_WARN_UNINITIALIZED_AUTOS = YES_AGGRESSIVE;
				GCC_WARN_UNUSED_FUNCTION = YES;
				GCC_WARN_UNUSED_VARIABLE = YES;
				IPHONEOS_DEPLOYMENT_TARGET = 16.0;
				MTL_ENABLE_DEBUG_INFO = NO;
				MTL_FAST_MATH = YES;
				SDKROOT = iphoneos;
				SWIFT_COMPILATION_MODE = wholemodule;
				SWIFT_OPTIMIZATION_LEVEL = "-O";
				VALIDATE_PRODUCT = YES;
			};
			name = Release;
		};
		944CC8AE291069C800A5B7F1 /* Debug */ = {
			isa = XCBuildConfiguration;
			baseConfigurationReference = DA10F8F167F9AFF842452E5A /* Pods-UIKitVK.debug.xcconfig */;
			buildSettings = {
				ASSETCATALOG_COMPILER_APPICON_NAME = AppIcon;
				ASSETCATALOG_COMPILER_GLOBAL_ACCENT_COLOR_NAME = AccentColor;
				CODE_SIGN_STYLE = Automatic;
				CURRENT_PROJECT_VERSION = 1;
				GENERATE_INFOPLIST_FILE = YES;
				INFOPLIST_FILE = UIKitVK/Info.plist;
				INFOPLIST_KEY_UIApplicationSupportsIndirectInputEvents = YES;
				INFOPLIST_KEY_UILaunchStoryboardName = LaunchScreen;
				INFOPLIST_KEY_UIMainStoryboardFile = Main;
				INFOPLIST_KEY_UISupportedInterfaceOrientations_iPad = "UIInterfaceOrientationPortrait UIInterfaceOrientationPortraitUpsideDown UIInterfaceOrientationLandscapeLeft UIInterfaceOrientationLandscapeRight";
				INFOPLIST_KEY_UISupportedInterfaceOrientations_iPhone = "UIInterfaceOrientationPortrait UIInterfaceOrientationLandscapeLeft UIInterfaceOrientationLandscapeRight";
				LD_RUNPATH_SEARCH_PATHS = (
					"$(inherited)",
					"@executable_path/Frameworks",
				);
				MARKETING_VERSION = 1.0;
				PRODUCT_BUNDLE_IDENTIFIER = "-.UIKitVK";
				PRODUCT_NAME = "$(TARGET_NAME)";
				SWIFT_EMIT_LOC_STRINGS = YES;
				SWIFT_VERSION = 5.0;
				TARGETED_DEVICE_FAMILY = "1,2";
			};
			name = Debug;
		};
		944CC8AF291069C800A5B7F1 /* Release */ = {
			isa = XCBuildConfiguration;
			baseConfigurationReference = 31CC7744822FB647CF7F5636 /* Pods-UIKitVK.release.xcconfig */;
			buildSettings = {
				ASSETCATALOG_COMPILER_APPICON_NAME = AppIcon;
				ASSETCATALOG_COMPILER_GLOBAL_ACCENT_COLOR_NAME = AccentColor;
				CODE_SIGN_STYLE = Automatic;
				CURRENT_PROJECT_VERSION = 1;
				GENERATE_INFOPLIST_FILE = YES;
				INFOPLIST_FILE = UIKitVK/Info.plist;
				INFOPLIST_KEY_UIApplicationSupportsIndirectInputEvents = YES;
				INFOPLIST_KEY_UILaunchStoryboardName = LaunchScreen;
				INFOPLIST_KEY_UIMainStoryboardFile = Main;
				INFOPLIST_KEY_UISupportedInterfaceOrientations_iPad = "UIInterfaceOrientationPortrait UIInterfaceOrientationPortraitUpsideDown UIInterfaceOrientationLandscapeLeft UIInterfaceOrientationLandscapeRight";
				INFOPLIST_KEY_UISupportedInterfaceOrientations_iPhone = "UIInterfaceOrientationPortrait UIInterfaceOrientationLandscapeLeft UIInterfaceOrientationLandscapeRight";
				LD_RUNPATH_SEARCH_PATHS = (
					"$(inherited)",
					"@executable_path/Frameworks",
				);
				MARKETING_VERSION = 1.0;
				PRODUCT_BUNDLE_IDENTIFIER = "-.UIKitVK";
				PRODUCT_NAME = "$(TARGET_NAME)";
				SWIFT_EMIT_LOC_STRINGS = YES;
				SWIFT_VERSION = 5.0;
				TARGETED_DEVICE_FAMILY = "1,2";
			};
			name = Release;
		};
/* End XCBuildConfiguration section */

/* Begin XCConfigurationList section */
		944CC894291069C600A5B7F1 /* Build configuration list for PBXProject "UIKitVK" */ = {
			isa = XCConfigurationList;
			buildConfigurations = (
				944CC8AB291069C800A5B7F1 /* Debug */,
				944CC8AC291069C800A5B7F1 /* Release */,
			);
			defaultConfigurationIsVisible = 0;
			defaultConfigurationName = Release;
		};
		944CC8AD291069C800A5B7F1 /* Build configuration list for PBXNativeTarget "UIKitVK" */ = {
			isa = XCConfigurationList;
			buildConfigurations = (
				944CC8AE291069C800A5B7F1 /* Debug */,
				944CC8AF291069C800A5B7F1 /* Release */,
			);
			defaultConfigurationIsVisible = 0;
			defaultConfigurationName = Release;
		};
/* End XCConfigurationList section */
	};
	rootObject = 944CC891291069C600A5B7F1 /* Project object */;
}
